
Microsoft Visual Studio Solution File, Format Version 12.00
# Visual Studio Version 17
VisualStudioVersion = 17.8.34408.163
MinimumVisualStudioVersion = 10.0.40219.1
Project("{FAE04EC0-301F-11D3-BF4B-00C04F79EFBC}") = "MvcCoreCrudDepartamentos", "MvcCoreCrudDepartamentos.csproj", "{4ACC65A9-2D5C-4C97-B698-EC4978F915E6}"
EndProject
Global
	GlobalSection(SolutionConfigurationPlatforms) = preSolution
		Debug|Any CPU = Debug|Any CPU
		Release|Any CPU = Release|Any CPU
	EndGlobalSection
	GlobalSection(ProjectConfigurationPlatforms) = postSolution
		{4ACC65A9-2D5C-4C97-B698-EC4978F915E6}.Debug|Any CPU.ActiveCfg = Debug|Any CPU
		{4ACC65A9-2D5C-4C97-B698-EC4978F915E6}.Debug|Any CPU.Build.0 = Debug|Any CPU
		{4ACC65A9-2D5C-4C97-B698-EC4978F915E6}.Release|Any CPU.ActiveCfg = Release|Any CPU
		{4ACC65A9-2D5C-4C97-B698-EC4978F915E6}.Release|Any CPU.Build.0 = Release|Any CPU
	EndGlobalSection
	GlobalSection(SolutionProperties) = preSolution
		HideSolutionNode = FALSE
	EndGlobalSection
	GlobalSection(ExtensibilityGlobals) = postSolution
		SolutionGuid = {FEBF9043-8259-498C-A5AD-51DF42224024}
	EndGlobalSection
EndGlobal
